
Microsoft Visual Studio Solution File, Format Version 12.00
# Visual Studio Version 17
VisualStudioVersion = 17.2.32516.85
MinimumVisualStudioVersion = 10.0.40219.1
Project("{FAE04EC0-301F-11D3-BF4B-00C04F79EFBC}") = "WpfForTest3", "WpfForTest3\WpfForTest3.csproj", "{9DA98D20-CAB3-4B97-9A98-B97B3DDE795A}"
EndProject
Global
	GlobalSection(SolutionConfigurationPlatforms) = preSolution
		Debug|Any CPU = Debug|Any CPU
		Release|Any CPU = Release|Any CPU
	EndGlobalSection
	GlobalSection(ProjectConfigurationPlatforms) = postSolution
		{9DA98D20-CAB3-4B97-9A98-B97B3DDE795A}.Debug|Any CPU.ActiveCfg = Debug|Any CPU
		{9DA98D20-CAB3-4B97-9A98-B97B3DDE795A}.Debug|Any CPU.Build.0 = Debug|Any CPU
		{9DA98D20-CAB3-4B97-9A98-B97B3DDE795A}.Release|Any CPU.ActiveCfg = Release|Any CPU
		{9DA98D20-CAB3-4B97-9A98-B97B3DDE795A}.Release|Any CPU.Build.0 = Release|Any CPU
	EndGlobalSection
	GlobalSection(SolutionProperties) = preSolution
		HideSolutionNode = FALSE
	EndGlobalSection
	GlobalSection(ExtensibilityGlobals) = postSolution
		SolutionGuid = {66CA90C2-3B85-4ACE-BB24-6A66BFA9994F}
	EndGlobalSection
EndGlobal
